
Microsoft Visual Studio Solution File, Format Version 12.00
# Visual Studio Version 17
VisualStudioVersion = 17.3.32901.215
MinimumVisualStudioVersion = 10.0.40219.1
Project("{9A19103F-16F7-4668-BE54-9A1E7A4F7556}") = "Data", "Data\Data.csproj", "{C73BB0E7-4C4D-4597-9127-AB8948BCBD04}"
EndProject
Project("{2150E333-8FDC-42A3-9474-1A3956D46DE8}") = "Solution Items", "Solution Items", "{D9369D19-B300-4A92-90B6-0A1BECB48D3D}"
	ProjectSection(SolutionItems) = preProject
		.github\workflows\manager-release.yml = .github\workflows\manager-release.yml
		.github\workflows\player-release.yml = .github\workflows\player-release.yml
		README.md = README.md
	EndProjectSection
EndProject
Project("{9A19103F-16F7-4668-BE54-9A1E7A4F7556}") = "SharedControls", "SharedControls\SharedControls.csproj", "{07C2F059-D0B6-4455-A41B-22FE2791CD60}"
EndProject
Project("{9A19103F-16F7-4668-BE54-9A1E7A4F7556}") = "GGManager", "GGManager\GGManager.csproj", "{C1EE029C-EDFE-48D3-AE84-749DE0FA8C87}"
EndProject
Project("{9A19103F-16F7-4668-BE54-9A1E7A4F7556}") = "GGPlayer", "GGPlayer\GGPlayer.csproj", "{88807B0B-F2D1-41D3-A91A-955C75294C77}"
EndProject
Global
	GlobalSection(SolutionConfigurationPlatforms) = preSolution
		Debug|Any CPU = Debug|Any CPU
		Debug|x86 = Debug|x86
		Release|Any CPU = Release|Any CPU
		Release|x86 = Release|x86
	EndGlobalSection
	GlobalSection(ProjectConfigurationPlatforms) = postSolution
		{C73BB0E7-4C4D-4597-9127-AB8948BCBD04}.Debug|Any CPU.ActiveCfg = Debug|Any CPU
		{C73BB0E7-4C4D-4597-9127-AB8948BCBD04}.Debug|Any CPU.Build.0 = Debug|Any CPU
		{C73BB0E7-4C4D-4597-9127-AB8948BCBD04}.Debug|x86.ActiveCfg = Debug|x86
		{C73BB0E7-4C4D-4597-9127-AB8948BCBD04}.Debug|x86.Build.0 = Debug|x86
		{C73BB0E7-4C4D-4597-9127-AB8948BCBD04}.Release|Any CPU.ActiveCfg = Release|Any CPU
		{C73BB0E7-4C4D-4597-9127-AB8948BCBD04}.Release|Any CPU.Build.0 = Release|Any CPU
		{C73BB0E7-4C4D-4597-9127-AB8948BCBD04}.Release|x86.ActiveCfg = Release|x86
		{C73BB0E7-4C4D-4597-9127-AB8948BCBD04}.Release|x86.Build.0 = Release|x86
		{07C2F059-D0B6-4455-A41B-22FE2791CD60}.Debug|Any CPU.ActiveCfg = Debug|Any CPU
		{07C2F059-D0B6-4455-A41B-22FE2791CD60}.Debug|Any CPU.Build.0 = Debug|Any CPU
		{07C2F059-D0B6-4455-A41B-22FE2791CD60}.Debug|x86.ActiveCfg = Debug|x86
		{07C2F059-D0B6-4455-A41B-22FE2791CD60}.Debug|x86.Build.0 = Debug|x86
		{07C2F059-D0B6-4455-A41B-22FE2791CD60}.Release|Any CPU.ActiveCfg = Release|Any CPU
		{07C2F059-D0B6-4455-A41B-22FE2791CD60}.Release|Any CPU.Build.0 = Release|Any CPU
		{07C2F059-D0B6-4455-A41B-22FE2791CD60}.Release|x86.ActiveCfg = Release|x86
		{07C2F059-D0B6-4455-A41B-22FE2791CD60}.Release|x86.Build.0 = Release|x86
		{C1EE029C-EDFE-48D3-AE84-749DE0FA8C87}.Debug|Any CPU.ActiveCfg = Debug|Any CPU
		{C1EE029C-EDFE-48D3-AE84-749DE0FA8C87}.Debug|Any CPU.Build.0 = Debug|Any CPU
		{C1EE029C-EDFE-48D3-AE84-749DE0FA8C87}.Debug|x86.ActiveCfg = Debug|x86
		{C1EE029C-EDFE-48D3-AE84-749DE0FA8C87}.Debug|x86.Build.0 = Debug|x86
		{C1EE029C-EDFE-48D3-AE84-749DE0FA8C87}.Release|Any CPU.ActiveCfg = Release|Any CPU
		{C1EE029C-EDFE-48D3-AE84-749DE0FA8C87}.Release|Any CPU.Build.0 = Release|Any CPU
		{C1EE029C-EDFE-48D3-AE84-749DE0FA8C87}.Release|x86.ActiveCfg = Release|x86
		{C1EE029C-EDFE-48D3-AE84-749DE0FA8C87}.Release|x86.Build.0 = Release|x86
		{88807B0B-F2D1-41D3-A91A-955C75294C77}.Debug|Any CPU.ActiveCfg = Debug|Any CPU
		{88807B0B-F2D1-41D3-A91A-955C75294C77}.Debug|Any CPU.Build.0 = Debug|Any CPU
		{88807B0B-F2D1-41D3-A91A-955C75294C77}.Debug|x86.ActiveCfg = Debug|x86
		{88807B0B-F2D1-41D3-A91A-955C75294C77}.Debug|x86.Build.0 = Debug|x86
		{88807B0B-F2D1-41D3-A91A-955C75294C77}.Release|Any CPU.ActiveCfg = Release|Any CPU
		{88807B0B-F2D1-41D3-A91A-955C75294C77}.Release|Any CPU.Build.0 = Release|Any CPU
		{88807B0B-F2D1-41D3-A91A-955C75294C77}.Release|x86.ActiveCfg = Release|x86
		{88807B0B-F2D1-41D3-A91A-955C75294C77}.Release|x86.Build.0 = Release|x86
	EndGlobalSection
	GlobalSection(SolutionProperties) = preSolution
		HideSolutionNode = FALSE
	EndGlobalSection
	GlobalSection(ExtensibilityGlobals) = postSolution
		SolutionGuid = {9921C34D-7069-4EE5-BB7C-8A3F10661D84}
	EndGlobalSection
EndGlobal
