
Microsoft Visual Studio Solution File, Format Version 12.00
# Visual Studio Version 17
VisualStudioVersion = 17.3.32901.215
MinimumVisualStudioVersion = 10.0.40219.1
Project("{9A19103F-16F7-4668-BE54-9A1E7A4F7556}") = "Data", "Data\Data.csproj", "{C73BB0E7-4C4D-4597-9127-AB8948BCBD04}"
EndProject
Project("{2150E333-8FDC-42A3-9474-1A3956D46DE8}") = "Solution Items", "Solution Items", "{D9369D19-B300-4A92-90B6-0A1BECB48D3D}"
	ProjectSection(SolutionItems) = preProject
		.editorconfig = .editorconfig
	EndProjectSection
EndProject
Project("{9A19103F-16F7-4668-BE54-9A1E7A4F7556}") = "Content Manager", "Content Manager\Content Manager.csproj", "{4240FB4B-F6E9-4D6F-852C-EE305E515A92}"
EndProject
Project("{FAE04EC0-301F-11D3-BF4B-00C04F79EFBC}") = "Shared", "SharedControls\Shared.csproj", "{07C2F059-D0B6-4455-A41B-22FE2791CD60}"
EndProject
Global
	GlobalSection(SolutionConfigurationPlatforms) = preSolution
		Debug|Any CPU = Debug|Any CPU
		Release|Any CPU = Release|Any CPU
	EndGlobalSection
	GlobalSection(ProjectConfigurationPlatforms) = postSolution
		{C73BB0E7-4C4D-4597-9127-AB8948BCBD04}.Debug|Any CPU.ActiveCfg = Debug|Any CPU
		{C73BB0E7-4C4D-4597-9127-AB8948BCBD04}.Debug|Any CPU.Build.0 = Debug|Any CPU
		{C73BB0E7-4C4D-4597-9127-AB8948BCBD04}.Release|Any CPU.ActiveCfg = Release|Any CPU
		{C73BB0E7-4C4D-4597-9127-AB8948BCBD04}.Release|Any CPU.Build.0 = Release|Any CPU
		{4240FB4B-F6E9-4D6F-852C-EE305E515A92}.Debug|Any CPU.ActiveCfg = Debug|Any CPU
		{4240FB4B-F6E9-4D6F-852C-EE305E515A92}.Debug|Any CPU.Build.0 = Debug|Any CPU
		{4240FB4B-F6E9-4D6F-852C-EE305E515A92}.Release|Any CPU.ActiveCfg = Release|Any CPU
		{4240FB4B-F6E9-4D6F-852C-EE305E515A92}.Release|Any CPU.Build.0 = Release|Any CPU
		{07C2F059-D0B6-4455-A41B-22FE2791CD60}.Debug|Any CPU.ActiveCfg = Debug|Any CPU
		{07C2F059-D0B6-4455-A41B-22FE2791CD60}.Debug|Any CPU.Build.0 = Debug|Any CPU
		{07C2F059-D0B6-4455-A41B-22FE2791CD60}.Release|Any CPU.ActiveCfg = Release|Any CPU
		{07C2F059-D0B6-4455-A41B-22FE2791CD60}.Release|Any CPU.Build.0 = Release|Any CPU
	EndGlobalSection
	GlobalSection(SolutionProperties) = preSolution
		HideSolutionNode = FALSE
	EndGlobalSection
	GlobalSection(ExtensibilityGlobals) = postSolution
		SolutionGuid = {9921C34D-7069-4EE5-BB7C-8A3F10661D84}
	EndGlobalSection
EndGlobal
